
Microsoft Visual Studio Solution File, Format Version 12.00
# Visual Studio Version 16
VisualStudioVersion = 16.0.31402.337
MinimumVisualStudioVersion = 10.0.40219.1
Project("{FAE04EC0-301F-11D3-BF4B-00C04F79EFBC}") = "Exercise5", "Exercise5\Exercise5.csproj", "{17AB30A2-3775-492B-8DA5-0BB251167B3B}"
EndProject
Project("{FAE04EC0-301F-11D3-BF4B-00C04F79EFBC}") = "Exercise5.Tests", "Exercise5.Tests\Exercise5.Tests.csproj", "{9404E809-0769-4020-A5D2-7435A677A509}"
EndProject
Global
	GlobalSection(SolutionConfigurationPlatforms) = preSolution
		Debug|Any CPU = Debug|Any CPU
		Release|Any CPU = Release|Any CPU
	EndGlobalSection
	GlobalSection(ProjectConfigurationPlatforms) = postSolution
		{17AB30A2-3775-492B-8DA5-0BB251167B3B}.Debug|Any CPU.ActiveCfg = Debug|Any CPU
		{17AB30A2-3775-492B-8DA5-0BB251167B3B}.Debug|Any CPU.Build.0 = Debug|Any CPU
		{17AB30A2-3775-492B-8DA5-0BB251167B3B}.Release|Any CPU.ActiveCfg = Release|Any CPU
		{17AB30A2-3775-492B-8DA5-0BB251167B3B}.Release|Any CPU.Build.0 = Release|Any CPU
		{9404E809-0769-4020-A5D2-7435A677A509}.Debug|Any CPU.ActiveCfg = Debug|Any CPU
		{9404E809-0769-4020-A5D2-7435A677A509}.Debug|Any CPU.Build.0 = Debug|Any CPU
		{9404E809-0769-4020-A5D2-7435A677A509}.Release|Any CPU.ActiveCfg = Release|Any CPU
		{9404E809-0769-4020-A5D2-7435A677A509}.Release|Any CPU.Build.0 = Release|Any CPU
	EndGlobalSection
	GlobalSection(SolutionProperties) = preSolution
		HideSolutionNode = FALSE
	EndGlobalSection
	GlobalSection(ExtensibilityGlobals) = postSolution
		SolutionGuid = {F445DE7F-669A-4666-9CFC-4D5E6422481A}
	EndGlobalSection
EndGlobal
